
Microsoft Visual Studio Solution File, Format Version 12.00
# Visual Studio 15
VisualStudioVersion = 15.0.28010.2019
MinimumVisualStudioVersion = 10.0.40219.1
Project("{8BC9CEB8-8B4A-11D0-8D11-00A0C91BC942}") = "Workshop 1 home", "Workshop 1 home\Workshop 1 home.vcxproj", "{460DDA4C-3A6B-4683-8028-263B535B1F8D}"
EndProject
Global
	GlobalSection(SolutionConfigurationPlatforms) = preSolution
		Debug|x64 = Debug|x64
		Debug|x86 = Debug|x86
		Release|x64 = Release|x64
		Release|x86 = Release|x86
	EndGlobalSection
	GlobalSection(ProjectConfigurationPlatforms) = postSolution
		{460DDA4C-3A6B-4683-8028-263B535B1F8D}.Debug|x64.ActiveCfg = Debug|x64
		{460DDA4C-3A6B-4683-8028-263B535B1F8D}.Debug|x64.Build.0 = Debug|x64
		{460DDA4C-3A6B-4683-8028-263B535B1F8D}.Debug|x86.ActiveCfg = Debug|Win32
		{460DDA4C-3A6B-4683-8028-263B535B1F8D}.Debug|x86.Build.0 = Debug|Win32
		{460DDA4C-3A6B-4683-8028-263B535B1F8D}.Release|x64.ActiveCfg = Release|x64
		{460DDA4C-3A6B-4683-8028-263B535B1F8D}.Release|x64.Build.0 = Release|x64
		{460DDA4C-3A6B-4683-8028-263B535B1F8D}.Release|x86.ActiveCfg = Release|Win32
		{460DDA4C-3A6B-4683-8028-263B535B1F8D}.Release|x86.Build.0 = Release|Win32
	EndGlobalSection
	GlobalSection(SolutionProperties) = preSolution
		HideSolutionNode = FALSE
	EndGlobalSection
	GlobalSection(ExtensibilityGlobals) = postSolution
		SolutionGuid = {CC7F5275-D1F7-405C-AA1E-8823D52FFDF8}
	EndGlobalSection
EndGlobal
